
Microsoft Visual Studio Solution File, Format Version 12.00
# Visual Studio Version 17
VisualStudioVersion = 17.11.35219.272
MinimumVisualStudioVersion = 10.0.40219.1
Project("{FAE04EC0-301F-11D3-BF4B-00C04F79EFBC}") = "uppgift 2,3", "uppgift 2,3\uppgift 2,3.csproj", "{F12E8774-DCBD-4F91-B42A-CF660E05596A}"
EndProject
Global
	GlobalSection(SolutionConfigurationPlatforms) = preSolution
		Debug|Any CPU = Debug|Any CPU
		Release|Any CPU = Release|Any CPU
	EndGlobalSection
	GlobalSection(ProjectConfigurationPlatforms) = postSolution
		{F12E8774-DCBD-4F91-B42A-CF660E05596A}.Debug|Any CPU.ActiveCfg = Debug|Any CPU
		{F12E8774-DCBD-4F91-B42A-CF660E05596A}.Debug|Any CPU.Build.0 = Debug|Any CPU
		{F12E8774-DCBD-4F91-B42A-CF660E05596A}.Release|Any CPU.ActiveCfg = Release|Any CPU
		{F12E8774-DCBD-4F91-B42A-CF660E05596A}.Release|Any CPU.Build.0 = Release|Any CPU
	EndGlobalSection
	GlobalSection(SolutionProperties) = preSolution
		HideSolutionNode = FALSE
	EndGlobalSection
	GlobalSection(ExtensibilityGlobals) = postSolution
		SolutionGuid = {AE9105F9-00E2-4CB8-965A-F6A2BB5307E7}
	EndGlobalSection
EndGlobal
